
Microsoft Visual Studio Solution File, Format Version 12.00
# Visual Studio 15
VisualStudioVersion = 15.0.26730.16
MinimumVisualStudioVersion = 10.0.40219.1
Project("{FAE04EC0-301F-11D3-BF4B-00C04F79EFBC}") = "HotelPrototypeTool", "HotelPrototypeTool\HotelPrototypeTool.csproj", "{4FCD5200-BCFC-46CD-8F2A-C9FDD55BE99A}"
EndProject
Global
	GlobalSection(SolutionConfigurationPlatforms) = preSolution
		Debug|Any CPU = Debug|Any CPU
		Release|Any CPU = Release|Any CPU
	EndGlobalSection
	GlobalSection(ProjectConfigurationPlatforms) = postSolution
		{4FCD5200-BCFC-46CD-8F2A-C9FDD55BE99A}.Debug|Any CPU.ActiveCfg = Debug|Any CPU
		{4FCD5200-BCFC-46CD-8F2A-C9FDD55BE99A}.Debug|Any CPU.Build.0 = Debug|Any CPU
		{4FCD5200-BCFC-46CD-8F2A-C9FDD55BE99A}.Release|Any CPU.ActiveCfg = Release|Any CPU
		{4FCD5200-BCFC-46CD-8F2A-C9FDD55BE99A}.Release|Any CPU.Build.0 = Release|Any CPU
	EndGlobalSection
	GlobalSection(SolutionProperties) = preSolution
		HideSolutionNode = FALSE
	EndGlobalSection
	GlobalSection(ExtensibilityGlobals) = postSolution
		SolutionGuid = {8A3BC7F7-5490-411E-B34B-FDE8BB4B2E58}
	EndGlobalSection
EndGlobal
